<?xml version="1.0" encoding="utf-8"?>
<Project ToolsVersion="4.0" xmlns="http://schemas.microsoft.com/developer/msbuild/2003">
  <ItemGroup>
    <Filter Include="Source Files">
      <UniqueIdentifier>{4FC737F1-C7A5-4376-A066-2A32D752A2FF}</UniqueIdentifier>
      <Extensions>cpp;c;cc;cxx;c++;cppm;ixx;def;odl;idl;hpj;bat;asm;asmx</Extensions>
    </Filter>
    <Filter Include="Header Files">
      <UniqueIdentifier>{93995380-89BD-4b04-88EB-625FBE52EBFB}</UniqueIdentifier>
      <Extensions>h;hh;hpp;hxx;h++;hm;inl;inc;ipp;xsd</Extensions>
    </Filter>
    <Filter Include="Resource Files">
      <UniqueIdentifier>{67DA6AB6-F800-4c08-8B7A-83BB121AAD01}</UniqueIdentifier>
      <Extensions>rc;ico;cur;bmp;dlg;rc2;rct;bin;rgs;gif;jpg;jpeg;jpe;resx;tiff;tif;png;wav;mfcribbon-ms</Extensions>
    </Filter>
  </ItemGroup>
  <ItemGroup>
    <ClInclude Include="Domain\Session\SessionBase.hpp">
      <Filter>Header Files</Filter>
    </ClInclude>
    <ClInclude Include="Domain\Session\SessionHandler.hpp">
      <Filter>Header Files</Filter>
    </ClInclude>
    <ClInclude Include="TechnicalServices\Logging\LoggerHandler.hpp">
      <Filter>Header Files</Filter>
    </ClInclude>
    <ClInclude Include="TechnicalServices\Logging\SimpleLogger.hpp">
      <Filter>Header Files</Filter>
    </ClInclude>
    <ClInclude Include="TechnicalServices\Persistence\PersistenceHandler.hpp">
      <Filter>Header Files</Filter>
    </ClInclude>
    <ClInclude Include="TechnicalServices\Persistence\SimpleDB.hpp">
      <Filter>Header Files</Filter>
    </ClInclude>
    <ClInclude Include="UI\SimpleUI.hpp">
      <Filter>Header Files</Filter>
    </ClInclude>
    <ClInclude Include="UI\SystemDriverUI.hpp">
      <Filter>Header Files</Filter>
    </ClInclude>
    <ClInclude Include="UI\UserInterfaceHandler.hpp">
      <Filter>Header Files</Filter>
    </ClInclude>
    <ClInclude Include="Domain\Library\MaintainFlightsHandler.hpp">
      <Filter>Header Files</Filter>
    </ClInclude>
    <ClInclude Include="Domain\Library\Flights.hpp">
      <Filter>Header Files</Filter>
    </ClInclude>
    <ClInclude Include="Domain\Customer\Customer.hpp">
      <Filter>Header Files</Filter>
    </ClInclude>
    <ClInclude Include="Domain\Customer\CustomerHandler.hpp">
      <Filter>Header Files</Filter>
    </ClInclude>
  </ItemGroup>
  <ItemGroup>
    <ClCompile Include="Domain\Session\SessionBase.cpp">
      <Filter>Source Files</Filter>
    </ClCompile>
    <ClCompile Include="Domain\Session\SessionHandler.cpp">
      <Filter>Source Files</Filter>
    </ClCompile>
    <ClCompile Include="TechnicalServices\Logging\LoggerHandler.cpp">
      <Filter>Source Files</Filter>
    </ClCompile>
    <ClCompile Include="TechnicalServices\Persistence\PersistenceHandler.cpp">
      <Filter>Source Files</Filter>
    </ClCompile>
    <ClCompile Include="TechnicalServices\Persistence\SimpleDB.cpp">
      <Filter>Source Files</Filter>
    </ClCompile>
    <ClCompile Include="UI\SimpleUI.cpp">
      <Filter>Source Files</Filter>
    </ClCompile>
    <ClCompile Include="UI\SystemDriverUI.cpp">
      <Filter>Source Files</Filter>
    </ClCompile>
    <ClCompile Include="UI\UserInterfaceHandler.cpp">
      <Filter>Source Files</Filter>
    </ClCompile>
    <ClCompile Include="main.cpp">
      <Filter>Source Files</Filter>
    </ClCompile>
    <ClCompile Include="Domain\Customer\Customer.cpp">
      <Filter>Source Files</Filter>
    </ClCompile>
  </ItemGroup>
  <ItemGroup>
    <None Include="Flight_System_AdaptableData.dat">
      <Filter>Source Files</Filter>
    </None>
  </ItemGroup>
</Project>